
Microsoft Visual Studio Solution File, Format Version 11.00
# Visual Studio 2010
Project("{FAE04EC0-301F-11D3-BF4B-00C04F79EFBC}") = "Snooze", "..\Snooze\Snooze.csproj", "{290C5812-2A16-4BA3-9A40-0DF6E0E63288}"
EndProject
Global
	GlobalSection(SolutionConfigurationPlatforms) = preSolution
		Debug|Any CPU = Debug|Any CPU
		Release|Any CPU = Release|Any CPU
	EndGlobalSection
	GlobalSection(ProjectConfigurationPlatforms) = postSolution
		{290C5812-2A16-4BA3-9A40-0DF6E0E63288}.Debug|Any CPU.ActiveCfg = Debug|Any CPU
		{290C5812-2A16-4BA3-9A40-0DF6E0E63288}.Debug|Any CPU.Build.0 = Debug|Any CPU
		{290C5812-2A16-4BA3-9A40-0DF6E0E63288}.Release|Any CPU.ActiveCfg = Release|Any CPU
		{290C5812-2A16-4BA3-9A40-0DF6E0E63288}.Release|Any CPU.Build.0 = Release|Any CPU
	EndGlobalSection
	GlobalSection(SolutionProperties) = preSolution
		HideSolutionNode = FALSE
	EndGlobalSection
EndGlobal
